
Microsoft Visual Studio Solution File, Format Version 12.00
# Visual Studio 15
VisualStudioVersion = 15.0.27428.2043
MinimumVisualStudioVersion = 10.0.40219.1
Project("{FAE04EC0-301F-11D3-BF4B-00C04F79EFBC}") = "Loja", "Loja\Loja.csproj", "{119978C9-3F0E-45DF-8C7B-669C4BD0FAAA}"
EndProject
Global
	GlobalSection(SolutionConfigurationPlatforms) = preSolution
		Debug|Any CPU = Debug|Any CPU
		Release|Any CPU = Release|Any CPU
	EndGlobalSection
	GlobalSection(ProjectConfigurationPlatforms) = postSolution
		{119978C9-3F0E-45DF-8C7B-669C4BD0FAAA}.Debug|Any CPU.ActiveCfg = Debug|Any CPU
		{119978C9-3F0E-45DF-8C7B-669C4BD0FAAA}.Debug|Any CPU.Build.0 = Debug|Any CPU
		{119978C9-3F0E-45DF-8C7B-669C4BD0FAAA}.Release|Any CPU.ActiveCfg = Release|Any CPU
		{119978C9-3F0E-45DF-8C7B-669C4BD0FAAA}.Release|Any CPU.Build.0 = Release|Any CPU
	EndGlobalSection
	GlobalSection(SolutionProperties) = preSolution
		HideSolutionNode = FALSE
	EndGlobalSection
	GlobalSection(ExtensibilityGlobals) = postSolution
		SolutionGuid = {02766F39-BE21-4BB5-9797-C6A8BBF412A5}
	EndGlobalSection
EndGlobal
